// !$*UTF8*$!
{
	archiveVersion = 1;
	classes = {
	};
	objectVersion = 50;
	objects = {

/* Begin PBXBuildFile section */
		DDA0B43D226AB46E00C652FB /* AppDelegate.swift in Sources */ = {isa = PBXBuildFile; fileRef = DDA0B43C226AB46E00C652FB /* AppDelegate.swift */; };
		DDA0B43F226AB46E00C652FB /* ToDoViewController.swift in Sources */ = {isa = PBXBuildFile; fileRef = DDA0B43E226AB46E00C652FB /* ToDoViewController.swift */; };
		DDA0B442226AB46E00C652FB /* Main.storyboard in Resources */ = {isa = PBXBuildFile; fileRef = DDA0B440226AB46E00C652FB /* Main.storyboard */; };
		DDA0B445226AB46E00C652FB /* ToDo.xcdatamodeld in Sources */ = {isa = PBXBuildFile; fileRef = DDA0B443226AB46E00C652FB /* ToDo.xcdatamodeld */; };
		DDA0B447226AB47000C652FB /* Assets.xcassets in Resources */ = {isa = PBXBuildFile; fileRef = DDA0B446226AB47000C652FB /* Assets.xcassets */; };
		DDA0B44A226AB47000C652FB /* LaunchScreen.storyboard in Resources */ = {isa = PBXBuildFile; fileRef = DDA0B448226AB47000C652FB /* LaunchScreen.storyboard */; };
		DDA0B455226AB47000C652FB /* ToDoTests.swift in Sources */ = {isa = PBXBuildFile; fileRef = DDA0B454226AB47000C652FB /* ToDoTests.swift */; };
		DDA0B460226AB47000C652FB /* ToDoUITests.swift in Sources */ = {isa = PBXBuildFile; fileRef = DDA0B45F226AB47000C652FB /* ToDoUITests.swift */; };
		DDA0B47B226ABACB00C652FB /* Task+CoreDataClass.swift in Sources */ = {isa = PBXBuildFile; fileRef = DDA0B479226ABACB00C652FB /* Task+CoreDataClass.swift */; };
		DDA0B47C226ABACB00C652FB /* Task+CoreDataProperties.swift in Sources */ = {isa = PBXBuildFile; fileRef = DDA0B47A226ABACB00C652FB /* Task+CoreDataProperties.swift */; };
/* End PBXBuildFile section */

/* Begin PBXContainerItemProxy section */
		DDA0B451226AB47000C652FB /* PBXContainerItemProxy */ = {
			isa = PBXContainerItemProxy;
			containerPortal = DDA0B431226AB46E00C652FB /* Project object */;
			proxyType = 1;
			remoteGlobalIDString = DDA0B438226AB46E00C652FB;
			remoteInfo = ToDo;
		};
		DDA0B45C226AB47000C652FB /* PBXContainerItemProxy */ = {
			isa = PBXContainerItemProxy;
			containerPortal = DDA0B431226AB46E00C652FB /* Project object */;
			proxyType = 1;
			remoteGlobalIDString = DDA0B438226AB46E00C652FB;
			remoteInfo = ToDo;
		};
/* End PBXContainerItemProxy section */

/* Begin PBXFileReference section */
		DDA0B439226AB46E00C652FB /* ToDo.app */ = {isa = PBXFileReference; explicitFileType = wrapper.application; includeInIndex = 0; path = ToDo.app; sourceTree = BUILT_PRODUCTS_DIR; };
		DDA0B43C226AB46E00C652FB /* AppDelegate.swift */ = {isa = PBXFileReference; lastKnownFileType = sourcecode.swift; path = AppDelegate.swift; sourceTree = "<group>"; };
		DDA0B43E226AB46E00C652FB /* ToDoViewController.swift */ = {isa = PBXFileReference; lastKnownFileType = sourcecode.swift; path = ToDoViewController.swift; sourceTree = "<group>"; };
		DDA0B441226AB46E00C652FB /* Base */ = {isa = PBXFileReference; lastKnownFileType = file.storyboard; name = Base; path = Base.lproj/Main.storyboard; sourceTree = "<group>"; };
		DDA0B444226AB46E00C652FB /* ToDo.xcdatamodel */ = {isa = PBXFileReference; lastKnownFileType = wrapper.xcdatamodel; path = ToDo.xcdatamodel; sourceTree = "<group>"; };
		DDA0B446226AB47000C652FB /* Assets.xcassets */ = {isa = PBXFileReference; lastKnownFileType = folder.assetcatalog; path = Assets.xcassets; sourceTree = "<group>"; };
		DDA0B449226AB47000C652FB /* Base */ = {isa = PBXFileReference; lastKnownFileType = file.storyboard; name = Base; path = Base.lproj/LaunchScreen.storyboard; sourceTree = "<group>"; };
		DDA0B44B226AB47000C652FB /* Info.plist */ = {isa = PBXFileReference; lastKnownFileType = text.plist.xml; path = Info.plist; sourceTree = "<group>"; };
		DDA0B450226AB47000C652FB /* ToDoTests.xctest */ = {isa = PBXFileReference; explicitFileType = wrapper.cfbundle; includeInIndex = 0; path = ToDoTests.xctest; sourceTree = BUILT_PRODUCTS_DIR; };
		DDA0B454226AB47000C652FB /* ToDoTests.swift */ = {isa = PBXFileReference; lastKnownFileType = sourcecode.swift; path = ToDoTests.swift; sourceTree = "<group>"; };
		DDA0B456226AB47000C652FB /* Info.plist */ = {isa = PBXFileReference; lastKnownFileType = text.plist.xml; path = Info.plist; sourceTree = "<group>"; };
		DDA0B45B226AB47000C652FB /* ToDoUITests.xctest */ = {isa = PBXFileReference; explicitFileType = wrapper.cfbundle; includeInIndex = 0; path = ToDoUITests.xctest; sourceTree = BUILT_PRODUCTS_DIR; };
		DDA0B45F226AB47000C652FB /* ToDoUITests.swift */ = {isa = PBXFileReference; lastKnownFileType = sourcecode.swift; path = ToDoUITests.swift; sourceTree = "<group>"; };
		DDA0B461226AB47000C652FB /* Info.plist */ = {isa = PBXFileReference; lastKnownFileType = text.plist.xml; path = Info.plist; sourceTree = "<group>"; };
		DDA0B479226ABACB00C652FB /* Task+CoreDataClass.swift */ = {isa = PBXFileReference; lastKnownFileType = sourcecode.swift; name = "Task+CoreDataClass.swift"; path = "../Task+CoreDataClass.swift"; sourceTree = "<group>"; };
		DDA0B47A226ABACB00C652FB /* Task+CoreDataProperties.swift */ = {isa = PBXFileReference; lastKnownFileType = sourcecode.swift; name = "Task+CoreDataProperties.swift"; path = "../Task+CoreDataProperties.swift"; sourceTree = "<group>"; };
/* End PBXFileReference section */

/* Begin PBXFrameworksBuildPhase section */
		DDA0B436226AB46E00C652FB /* Frameworks */ = {
			isa = PBXFrameworksBuildPhase;
			buildActionMask = 2147483647;
			files = (
			);
			runOnlyForDeploymentPostprocessing = 0;
		};
		DDA0B44D226AB47000C652FB /* Frameworks */ = {
			isa = PBXFrameworksBuildPhase;
			buildActionMask = 2147483647;
			files = (
			);
			runOnlyForDeploymentPostprocessing = 0;
		};
		DDA0B458226AB47000C652FB /* Frameworks */ = {
			isa = PBXFrameworksBuildPhase;
			buildActionMask = 2147483647;
			files = (
			);
			runOnlyForDeploymentPostprocessing = 0;
		};
/* End PBXFrameworksBuildPhase section */

/* Begin PBXGroup section */
		DDA0B430226AB46E00C652FB = {
			isa = PBXGroup;
			children = (
				DDA0B43B226AB46E00C652FB /* ToDo */,
				DDA0B453226AB47000C652FB /* ToDoTests */,
				DDA0B45E226AB47000C652FB /* ToDoUITests */,
				DDA0B43A226AB46E00C652FB /* Products */,
			);
			sourceTree = "<group>";
		};
		DDA0B43A226AB46E00C652FB /* Products */ = {
			isa = PBXGroup;
			children = (
				DDA0B439226AB46E00C652FB /* ToDo.app */,
				DDA0B450226AB47000C652FB /* ToDoTests.xctest */,
				DDA0B45B226AB47000C652FB /* ToDoUITests.xctest */,
			);
			name = Products;
			sourceTree = "<group>";
		};
		DDA0B43B226AB46E00C652FB /* ToDo */ = {
			isa = PBXGroup;
			children = (
				DDA0B43C226AB46E00C652FB /* AppDelegate.swift */,
				DDA0B47A226ABACB00C652FB /* Task+CoreDataProperties.swift */,
				DDA0B479226ABACB00C652FB /* Task+CoreDataClass.swift */,
				DDA0B43E226AB46E00C652FB /* ToDoViewController.swift */,
				DDA0B440226AB46E00C652FB /* Main.storyboard */,
				DDA0B446226AB47000C652FB /* Assets.xcassets */,
				DDA0B448226AB47000C652FB /* LaunchScreen.storyboard */,
				DDA0B44B226AB47000C652FB /* Info.plist */,
				DDA0B443226AB46E00C652FB /* ToDo.xcdatamodeld */,
			);
			path = ToDo;
			sourceTree = "<group>";
		};
		DDA0B453226AB47000C652FB /* ToDoTests */ = {
			isa = PBXGroup;
			children = (
				DDA0B454226AB47000C652FB /* ToDoTests.swift */,
				DDA0B456226AB47000C652FB /* Info.plist */,
			);
			path = ToDoTests;
			sourceTree = "<group>";
		};
		DDA0B45E226AB47000C652FB /* ToDoUITests */ = {
			isa = PBXGroup;
			children = (
				DDA0B45F226AB47000C652FB /* ToDoUITests.swift */,
				DDA0B461226AB47000C652FB /* Info.plist */,
			);
			path = ToDoUITests;
			sourceTree = "<group>";
		};
/* End PBXGroup section */

/* Begin PBXNativeTarget section */
		DDA0B438226AB46E00C652FB /* ToDo */ = {
			isa = PBXNativeTarget;
			buildConfigurationList = DDA0B464226AB47000C652FB /* Build configuration list for PBXNativeTarget "ToDo" */;
			buildPhases = (
				DDA0B435226AB46E00C652FB /* Sources */,
				DDA0B436226AB46E00C652FB /* Frameworks */,
				DDA0B437226AB46E00C652FB /* Resources */,
			);
			buildRules = (
			);
			dependencies = (
			);
			name = ToDo;
			productName = ToDo;
			productReference = DDA0B439226AB46E00C652FB /* ToDo.app */;
			productType = "com.apple.product-type.application";
		};
		DDA0B44F226AB47000C652FB /* ToDoTests */ = {
			isa = PBXNativeTarget;
			buildConfigurationList = DDA0B467226AB47000C652FB /* Build configuration list for PBXNativeTarget "ToDoTests" */;
			buildPhases = (
				DDA0B44C226AB47000C652FB /* Sources */,
				DDA0B44D226AB47000C652FB /* Frameworks */,
				DDA0B44E226AB47000C652FB /* Resources */,
			);
			buildRules = (
			);
			dependencies = (
				DDA0B452226AB47000C652FB /* PBXTargetDependency */,
			);
			name = ToDoTests;
			productName = ToDoTests;
			productReference = DDA0B450226AB47000C652FB /* ToDoTests.xctest */;
			productType = "com.apple.product-type.bundle.unit-test";
		};
		DDA0B45A226AB47000C652FB /* ToDoUITests */ = {
			isa = PBXNativeTarget;
			buildConfigurationList = DDA0B46A226AB47000C652FB /* Build configuration list for PBXNativeTarget "ToDoUITests" */;
			buildPhases = (
				DDA0B457226AB47000C652FB /* Sources */,
				DDA0B458226AB47000C652FB /* Frameworks */,
				DDA0B459226AB47000C652FB /* Resources */,
			);
			buildRules = (
			);
			dependencies = (
				DDA0B45D226AB47000C652FB /* PBXTargetDependency */,
			);
			name = ToDoUITests;
			productName = ToDoUITests;
			productReference = DDA0B45B226AB47000C652FB /* ToDoUITests.xctest */;
			productType = "com.apple.product-type.bundle.ui-testing";
		};
/* End PBXNativeTarget section */

/* Begin PBXProject section */
		DDA0B431226AB46E00C652FB /* Project object */ = {
			isa = PBXProject;
			attributes = {
				LastSwiftUpdateCheck = 1010;
				LastUpgradeCheck = 1010;
				ORGANIZATIONNAME = "Lauren Cochran";
				TargetAttributes = {
					DDA0B438226AB46E00C652FB = {
						CreatedOnToolsVersion = 10.1;
					};
					DDA0B44F226AB47000C652FB = {
						CreatedOnToolsVersion = 10.1;
						TestTargetID = DDA0B438226AB46E00C652FB;
					};
					DDA0B45A226AB47000C652FB = {
						CreatedOnToolsVersion = 10.1;
						TestTargetID = DDA0B438226AB46E00C652FB;
					};
				};
			};
			buildConfigurationList = DDA0B434226AB46E00C652FB /* Build configuration list for PBXProject "ToDo" */;
			compatibilityVersion = "Xcode 9.3";
			developmentRegion = en;
			hasScannedForEncodings = 0;
			knownRegions = (
				en,
				Base,
			);
			mainGroup = DDA0B430226AB46E00C652FB;
			productRefGroup = DDA0B43A226AB46E00C652FB /* Products */;
			projectDirPath = "";
			projectRoot = "";
			targets = (
				DDA0B438226AB46E00C652FB /* ToDo */,
				DDA0B44F226AB47000C652FB /* ToDoTests */,
				DDA0B45A226AB47000C652FB /* ToDoUITests */,
			);
		};
/* End PBXProject section */

/* Begin PBXResourcesBuildPhase section */
		DDA0B437226AB46E00C652FB /* Resources */ = {
			isa = PBXResourcesBuildPhase;
			buildActionMask = 2147483647;
			files = (
				DDA0B44A226AB47000C652FB /* LaunchScreen.storyboard in Resources */,
				DDA0B447226AB47000C652FB /* Assets.xcassets in Resources */,
				DDA0B442226AB46E00C652FB /* Main.storyboard in Resources */,
			);
			runOnlyForDeploymentPostprocessing = 0;
		};
		DDA0B44E226AB47000C652FB /* Resources */ = {
			isa = PBXResourcesBuildPhase;
			buildActionMask = 2147483647;
			files = (
			);
			runOnlyForDeploymentPostprocessing = 0;
		};
		DDA0B459226AB47000C652FB /* Resources */ = {
			isa = PBXResourcesBuildPhase;
			buildActionMask = 2147483647;
			files = (
			);
			runOnlyForDeploymentPostprocessing = 0;
		};
/* End PBXResourcesBuildPhase section */

/* Begin PBXSourcesBuildPhase section */
		DDA0B435226AB46E00C652FB /* Sources */ = {
			isa = PBXSourcesBuildPhase;
			buildActionMask = 2147483647;
			files = (
				DDA0B43F226AB46E00C652FB /* ToDoViewController.swift in Sources */,
				DDA0B47B226ABACB00C652FB /* Task+CoreDataClass.swift in Sources */,
				DDA0B445226AB46E00C652FB /* ToDo.xcdatamodeld in Sources */,
				DDA0B47C226ABACB00C652FB /* Task+CoreDataProperties.swift in Sources */,
				DDA0B43D226AB46E00C652FB /* AppDelegate.swift in Sources */,
			);
			runOnlyForDeploymentPostprocessing = 0;
		};
		DDA0B44C226AB47000C652FB /* Sources */ = {
			isa = PBXSourcesBuildPhase;
			buildActionMask = 2147483647;
			files = (
				DDA0B455226AB47000C652FB /* ToDoTests.swift in Sources */,
			);
			runOnlyForDeploymentPostprocessing = 0;
		};
		DDA0B457226AB47000C652FB /* Sources */ = {
			isa = PBXSourcesBuildPhase;
			buildActionMask = 2147483647;
			files = (
				DDA0B460226AB47000C652FB /* ToDoUITests.swift in Sources */,
			);
			runOnlyForDeploymentPostprocessing = 0;
		};
/* End PBXSourcesBuildPhase section */

/* Begin PBXTargetDependency section */
		DDA0B452226AB47000C652FB /* PBXTargetDependency */ = {
			isa = PBXTargetDependency;
			target = DDA0B438226AB46E00C652FB /* ToDo */;
			targetProxy = DDA0B451226AB47000C652FB /* PBXContainerItemProxy */;
		};
		DDA0B45D226AB47000C652FB /* PBXTargetDependency */ = {
			isa = PBXTargetDependency;
			target = DDA0B438226AB46E00C652FB /* ToDo */;
			targetProxy = DDA0B45C226AB47000C652FB /* PBXContainerItemProxy */;
		};
/* End PBXTargetDependency section */

/* Begin PBXVariantGroup section */
		DDA0B440226AB46E00C652FB /* Main.storyboard */ = {
			isa = PBXVariantGroup;
			children = (
				DDA0B441226AB46E00C652FB /* Base */,
			);
			name = Main.storyboard;
			sourceTree = "<group>";
		};
		DDA0B448226AB47000C652FB /* LaunchScreen.storyboard */ = {
			isa = PBXVariantGroup;
			children = (
				DDA0B449226AB47000C652FB /* Base */,
			);
			name = LaunchScreen.storyboard;
			sourceTree = "<group>";
		};
/* End PBXVariantGroup section */

/* Begin XCBuildConfiguration section */
		DDA0B462226AB47000C652FB /* Debug */ = {
			isa = XCBuildConfiguration;
			buildSettings = {
				ALWAYS_SEARCH_USER_PATHS = NO;
				CLANG_ANALYZER_NONNULL = YES;
				CLANG_ANALYZER_NUMBER_OBJECT_CONVERSION = YES_AGGRESSIVE;
				CLANG_CXX_LANGUAGE_STANDARD = "gnu++14";
				CLANG_CXX_LIBRARY = "libc++";
				CLANG_ENABLE_MODULES = YES;
				CLANG_ENABLE_OBJC_ARC = YES;
				CLANG_ENABLE_OBJC_WEAK = YES;
				CLANG_WARN_BLOCK_CAPTURE_AUTORELEASING = YES;
				CLANG_WARN_BOOL_CONVERSION = YES;
				CLANG_WARN_COMMA = YES;
				CLANG_WARN_CONSTANT_CONVERSION = YES;
				CLANG_WARN_DEPRECATED_OBJC_IMPLEMENTATIONS = YES;
				CLANG_WARN_DIRECT_OBJC_ISA_USAGE = YES_ERROR;
				CLANG_WARN_DOCUMENTATION_COMMENTS = YES;
				CLANG_WARN_EMPTY_BODY = YES;
				CLANG_WARN_ENUM_CONVERSION = YES;
				CLANG_WARN_INFINITE_RECURSION = YES;
				CLANG_WARN_INT_CONVERSION = YES;
				CLANG_WARN_NON_LITERAL_NULL_CONVERSION = YES;
				CLANG_WARN_OBJC_IMPLICIT_RETAIN_SELF = YES;
				CLANG_WARN_OBJC_LITERAL_CONVERSION = YES;
				CLANG_WARN_OBJC_ROOT_CLASS = YES_ERROR;
				CLANG_WARN_RANGE_LOOP_ANALYSIS = YES;
				CLANG_WARN_STRICT_PROTOTYPES = YES;
				CLANG_WARN_SUSPICIOUS_MOVE = YES;
				CLANG_WARN_UNGUARDED_AVAILABILITY = YES_AGGRESSIVE;
				CLANG_WARN_UNREACHABLE_CODE = YES;
				CLANG_WARN__DUPLICATE_METHOD_MATCH = YES;
				CODE_SIGN_IDENTITY = "iPhone Developer";
				COPY_PHASE_STRIP = NO;
				DEBUG_INFORMATION_FORMAT = dwarf;
				ENABLE_STRICT_OBJC_MSGSEND = YES;
				ENABLE_TESTABILITY = YES;
				GCC_C_LANGUAGE_STANDARD = gnu11;
				GCC_DYNAMIC_NO_PIC = NO;
				GCC_NO_COMMON_BLOCKS = YES;
				GCC_OPTIMIZATION_LEVEL = 0;
				GCC_PREPROCESSOR_DEFINITIONS = (
					"DEBUG=1",
					"$(inherited)",
				);
				GCC_WARN_64_TO_32_BIT_CONVERSION = YES;
				GCC_WARN_ABOUT_RETURN_TYPE = YES_ERROR;
				GCC_WARN_UNDECLARED_SELECTOR = YES;
				GCC_WARN_UNINITIALIZED_AUTOS = YES_AGGRESSIVE;
				GCC_WARN_UNUSED_FUNCTION = YES;
				GCC_WARN_UNUSED_VARIABLE = YES;
				IPHONEOS_DEPLOYMENT_TARGET = 12.1;
				MTL_ENABLE_DEBUG_INFO = INCLUDE_SOURCE;
				MTL_FAST_MATH = YES;
				ONLY_ACTIVE_ARCH = YES;
				SDKROOT = iphoneos;
				SWIFT_ACTIVE_COMPILATION_CONDITIONS = DEBUG;
				SWIFT_OPTIMIZATION_LEVEL = "-Onone";
			};
			name = Debug;
		};
		DDA0B463226AB47000C652FB /* Release */ = {
			isa = XCBuildConfiguration;
			buildSettings = {
				ALWAYS_SEARCH_USER_PATHS = NO;
				CLANG_ANALYZER_NONNULL = YES;
				CLANG_ANALYZER_NUMBER_OBJECT_CONVERSION = YES_AGGRESSIVE;
				CLANG_CXX_LANGUAGE_STANDARD = "gnu++14";
				CLANG_CXX_LIBRARY = "libc++";
				CLANG_ENABLE_MODULES = YES;
				CLANG_ENABLE_OBJC_ARC = YES;
				CLANG_ENABLE_OBJC_WEAK = YES;
				CLANG_WARN_BLOCK_CAPTURE_AUTORELEASING = YES;
				CLANG_WARN_BOOL_CONVERSION = YES;
				CLANG_WARN_COMMA = YES;
				CLANG_WARN_CONSTANT_CONVERSION = YES;
				CLANG_WARN_DEPRECATED_OBJC_IMPLEMENTATIONS = YES;
				CLANG_WARN_DIRECT_OBJC_ISA_USAGE = YES_ERROR;
				CLANG_WARN_DOCUMENTATION_COMMENTS = YES;
				CLANG_WARN_EMPTY_BODY = YES;
				CLANG_WARN_ENUM_CONVERSION = YES;
				CLANG_WARN_INFINITE_RECURSION = YES;
				CLANG_WARN_INT_CONVERSION = YES;
				CLANG_WARN_NON_LITERAL_NULL_CONVERSION = YES;
				CLANG_WARN_OBJC_IMPLICIT_RETAIN_SELF = YES;
				CLANG_WARN_OBJC_LITERAL_CONVERSION = YES;
				CLANG_WARN_OBJC_ROOT_CLASS = YES_ERROR;
				CLANG_WARN_RANGE_LOOP_ANALYSIS = YES;
				CLANG_WARN_STRICT_PROTOTYPES = YES;
				CLANG_WARN_SUSPICIOUS_MOVE = YES;
				CLANG_WARN_UNGUARDED_AVAILABILITY = YES_AGGRESSIVE;
				CLANG_WARN_UNREACHABLE_CODE = YES;
				CLANG_WARN__DUPLICATE_METHOD_MATCH = YES;
				CODE_SIGN_IDENTITY = "iPhone Developer";
				COPY_PHASE_STRIP = NO;
				DEBUG_INFORMATION_FORMAT = "dwarf-with-dsym";
				ENABLE_NS_ASSERTIONS = NO;
				ENABLE_STRICT_OBJC_MSGSEND = YES;
				GCC_C_LANGUAGE_STANDARD = gnu11;
				GCC_NO_COMMON_BLOCKS = YES;
				GCC_WARN_64_TO_32_BIT_CONVERSION = YES;
				GCC_WARN_ABOUT_RETURN_TYPE = YES_ERROR;
				GCC_WARN_UNDECLARED_SELECTOR = YES;
				GCC_WARN_UNINITIALIZED_AUTOS = YES_AGGRESSIVE;
				GCC_WARN_UNUSED_FUNCTION = YES;
				GCC_WARN_UNUSED_VARIABLE = YES;
				IPHONEOS_DEPLOYMENT_TARGET = 12.1;
				MTL_ENABLE_DEBUG_INFO = NO;
				MTL_FAST_MATH = YES;
				SDKROOT = iphoneos;
				SWIFT_COMPILATION_MODE = wholemodule;
				SWIFT_OPTIMIZATION_LEVEL = "-O";
				VALIDATE_PRODUCT = YES;
			};
			name = Release;
		};
		DDA0B465226AB47000C652FB /* Debug */ = {
			isa = XCBuildConfiguration;
			buildSettings = {
				ASSETCATALOG_COMPILER_APPICON_NAME = AppIcon;
				CODE_SIGN_STYLE = Automatic;
				DEVELOPMENT_TEAM = PQZ4CCH49M;
				INFOPLIST_FILE = ToDo/Info.plist;
				LD_RUNPATH_SEARCH_PATHS = (
					"$(inherited)",
					"@executable_path/Frameworks",
				);
				PRODUCT_BUNDLE_IDENTIFIER = edu.missouri.engineering.ToDo;
				PRODUCT_NAME = "$(TARGET_NAME)";
				SWIFT_VERSION = 4.2;
				TARGETED_DEVICE_FAMILY = "1,2";
			};
			name = Debug;
		};
		DDA0B466226AB47000C652FB /* Release */ = {
			isa = XCBuildConfiguration;
			buildSettings = {
				ASSETCATALOG_COMPILER_APPICON_NAME = AppIcon;
				CODE_SIGN_STYLE = Automatic;
				DEVELOPMENT_TEAM = PQZ4CCH49M;
				INFOPLIST_FILE = ToDo/Info.plist;
				LD_RUNPATH_SEARCH_PATHS = (
					"$(inherited)",
					"@executable_path/Frameworks",
				);
				PRODUCT_BUNDLE_IDENTIFIER = edu.missouri.engineering.ToDo;
				PRODUCT_NAME = "$(TARGET_NAME)";
				SWIFT_VERSION = 4.2;
				TARGETED_DEVICE_FAMILY = "1,2";
			};
			name = Release;
		};
		DDA0B468226AB47000C652FB /* Debug */ = {
			isa = XCBuildConfiguration;
			buildSettings = {
				ALWAYS_EMBED_SWIFT_STANDARD_LIBRARIES = YES;
				BUNDLE_LOADER = "$(TEST_HOST)";
				CODE_SIGN_STYLE = Automatic;
				DEVELOPMENT_TEAM = PQZ4CCH49M;
				INFOPLIST_FILE = ToDoTests/Info.plist;
				LD_RUNPATH_SEARCH_PATHS = (
					"$(inherited)",
					"@executable_path/Frameworks",
					"@loader_path/Frameworks",
				);
				PRODUCT_BUNDLE_IDENTIFIER = edu.missouri.engineering.ToDoTests;
				PRODUCT_NAME = "$(TARGET_NAME)";
				SWIFT_VERSION = 4.2;
				TARGETED_DEVICE_FAMILY = "1,2";
				TEST_HOST = "$(BUILT_PRODUCTS_DIR)/ToDo.app/ToDo";
			};
			name = Debug;
		};
		DDA0B469226AB47000C652FB /* Release */ = {
			isa = XCBuildConfiguration;
			buildSettings = {
				ALWAYS_EMBED_SWIFT_STANDARD_LIBRARIES = YES;
				BUNDLE_LOADER = "$(TEST_HOST)";
				CODE_SIGN_STYLE = Automatic;
				DEVELOPMENT_TEAM = PQZ4CCH49M;
				INFOPLIST_FILE = ToDoTests/Info.plist;
				LD_RUNPATH_SEARCH_PATHS = (
					"$(inherited)",
					"@executable_path/Frameworks",
					"@loader_path/Frameworks",
				);
				PRODUCT_BUNDLE_IDENTIFIER = edu.missouri.engineering.ToDoTests;
				PRODUCT_NAME = "$(TARGET_NAME)";
				SWIFT_VERSION = 4.2;
				TARGETED_DEVICE_FAMILY = "1,2";
				TEST_HOST = "$(BUILT_PRODUCTS_DIR)/ToDo.app/ToDo";
			};
			name = Release;
		};
		DDA0B46B226AB47000C652FB /* Debug */ = {
			isa = XCBuildConfiguration;
			buildSettings = {
				ALWAYS_EMBED_SWIFT_STANDARD_LIBRARIES = YES;
				CODE_SIGN_STYLE = Automatic;
				DEVELOPMENT_TEAM = PQZ4CCH49M;
				INFOPLIST_FILE = ToDoUITests/Info.plist;
				LD_RUNPATH_SEARCH_PATHS = (
					"$(inherited)",
					"@executable_path/Frameworks",
					"@loader_path/Frameworks",
				);
				PRODUCT_BUNDLE_IDENTIFIER = edu.missouri.engineering.ToDoUITests;
				PRODUCT_NAME = "$(TARGET_NAME)";
				SWIFT_VERSION = 4.2;
				TARGETED_DEVICE_FAMILY = "1,2";
				TEST_TARGET_NAME = ToDo;
			};
			name = Debug;
		};
		DDA0B46C226AB47000C652FB /* Release */ = {
			isa = XCBuildConfiguration;
			buildSettings = {
				ALWAYS_EMBED_SWIFT_STANDARD_LIBRARIES = YES;
				CODE_SIGN_STYLE = Automatic;
				DEVELOPMENT_TEAM = PQZ4CCH49M;
				INFOPLIST_FILE = ToDoUITests/Info.plist;
				LD_RUNPATH_SEARCH_PATHS = (
					"$(inherited)",
					"@executable_path/Frameworks",
					"@loader_path/Frameworks",
				);
				PRODUCT_BUNDLE_IDENTIFIER = edu.missouri.engineering.ToDoUITests;
				PRODUCT_NAME = "$(TARGET_NAME)";
				SWIFT_VERSION = 4.2;
				TARGETED_DEVICE_FAMILY = "1,2";
				TEST_TARGET_NAME = ToDo;
			};
			name = Release;
		};
/* End XCBuildConfiguration section */

/* Begin XCConfigurationList section */
		DDA0B434226AB46E00C652FB /* Build configuration list for PBXProject "ToDo" */ = {
			isa = XCConfigurationList;
			buildConfigurations = (
				DDA0B462226AB47000C652FB /* Debug */,
				DDA0B463226AB47000C652FB /* Release */,
			);
			defaultConfigurationIsVisible = 0;
			defaultConfigurationName = Release;
		};
		DDA0B464226AB47000C652FB /* Build configuration list for PBXNativeTarget "ToDo" */ = {
			isa = XCConfigurationList;
			buildConfigurations = (
				DDA0B465226AB47000C652FB /* Debug */,
				DDA0B466226AB47000C652FB /* Release */,
			);
			defaultConfigurationIsVisible = 0;
			defaultConfigurationName = Release;
		};
		DDA0B467226AB47000C652FB /* Build configuration list for PBXNativeTarget "ToDoTests" */ = {
			isa = XCConfigurationList;
			buildConfigurations = (
				DDA0B468226AB47000C652FB /* Debug */,
				DDA0B469226AB47000C652FB /* Release */,
			);
			defaultConfigurationIsVisible = 0;
			defaultConfigurationName = Release;
		};
		DDA0B46A226AB47000C652FB /* Build configuration list for PBXNativeTarget "ToDoUITests" */ = {
			isa = XCConfigurationList;
			buildConfigurations = (
				DDA0B46B226AB47000C652FB /* Debug */,
				DDA0B46C226AB47000C652FB /* Release */,
			);
			defaultConfigurationIsVisible = 0;
			defaultConfigurationName = Release;
		};
/* End XCConfigurationList section */

/* Begin XCVersionGroup section */
		DDA0B443226AB46E00C652FB /* ToDo.xcdatamodeld */ = {
			isa = XCVersionGroup;
			children = (
				DDA0B444226AB46E00C652FB /* ToDo.xcdatamodel */,
			);
			currentVersion = DDA0B444226AB46E00C652FB /* ToDo.xcdatamodel */;
			path = ToDo.xcdatamodeld;
			sourceTree = "<group>";
			versionGroupType = wrapper.xcdatamodel;
		};
/* End XCVersionGroup section */
	};
	rootObject = DDA0B431226AB46E00C652FB /* Project object */;
}
